// !$*UTF8*$!
{
	archiveVersion = 1;
	classes = {
	};
	objectVersion = 55;
	objects = {

/* Begin PBXBuildFile section */
		9FB030C6288C86B200614EE7 /* billiards_buddyApp.swift in Sources */ = {isa = PBXBuildFile; fileRef = 9FB030C5288C86B200614EE7 /* billiards_buddyApp.swift */; };
		9FB030C8288C86B200614EE7 /* ContentView.swift in Sources */ = {isa = PBXBuildFile; fileRef = 9FB030C7288C86B200614EE7 /* ContentView.swift */; };
		9FB030CA288C86B400614EE7 /* Assets.xcassets in Resources */ = {isa = PBXBuildFile; fileRef = 9FB030C9288C86B400614EE7 /* Assets.xcassets */; };
		9FB030CD288C86B400614EE7 /* Preview Assets.xcassets in Resources */ = {isa = PBXBuildFile; fileRef = 9FB030CC288C86B400614EE7 /* Preview Assets.xcassets */; };
		9FB030D7288C86B400614EE7 /* billiards_buddyTests.swift in Sources */ = {isa = PBXBuildFile; fileRef = 9FB030D6288C86B400614EE7 /* billiards_buddyTests.swift */; };
		9FB030E1288C86B400614EE7 /* billiards_buddyUITests.swift in Sources */ = {isa = PBXBuildFile; fileRef = 9FB030E0288C86B400614EE7 /* billiards_buddyUITests.swift */; };
		9FB030E3288C86B400614EE7 /* billiards_buddyUITestsLaunchTests.swift in Sources */ = {isa = PBXBuildFile; fileRef = 9FB030E2288C86B400614EE7 /* billiards_buddyUITestsLaunchTests.swift */; };
		9FB030F0288DDEF000614EE7 /* BowlliardsFrameView.swift in Sources */ = {isa = PBXBuildFile; fileRef = 9FB030EF288DDEF000614EE7 /* BowlliardsFrameView.swift */; };
		9FB030F2288E163B00614EE7 /* BowlliardsScoreView.swift in Sources */ = {isa = PBXBuildFile; fileRef = 9FB030F1288E163B00614EE7 /* BowlliardsScoreView.swift */; };
		9FF927E728FB422E00CDB63C /* BowlliardsFrame.swift in Sources */ = {isa = PBXBuildFile; fileRef = 9FF927E628FB422E00CDB63C /* BowlliardsFrame.swift */; };
		9FF927E928FB46B300CDB63C /* BowlliardsGame.swift in Sources */ = {isa = PBXBuildFile; fileRef = 9FF927E828FB46B300CDB63C /* BowlliardsGame.swift */; };
/* End PBXBuildFile section */

/* Begin PBXContainerItemProxy section */
		9FB030D3288C86B400614EE7 /* PBXContainerItemProxy */ = {
			isa = PBXContainerItemProxy;
			containerPortal = 9FB030BA288C86B200614EE7 /* Project object */;
			proxyType = 1;
			remoteGlobalIDString = 9FB030C1288C86B200614EE7;
			remoteInfo = "billiards-buddy";
		};
		9FB030DD288C86B400614EE7 /* PBXContainerItemProxy */ = {
			isa = PBXContainerItemProxy;
			containerPortal = 9FB030BA288C86B200614EE7 /* Project object */;
			proxyType = 1;
			remoteGlobalIDString = 9FB030C1288C86B200614EE7;
			remoteInfo = "billiards-buddy";
		};
/* End PBXContainerItemProxy section */

/* Begin PBXFileReference section */
		9FB030C2288C86B200614EE7 /* billiards-buddy.app */ = {isa = PBXFileReference; explicitFileType = wrapper.application; includeInIndex = 0; path = "billiards-buddy.app"; sourceTree = BUILT_PRODUCTS_DIR; };
		9FB030C5288C86B200614EE7 /* billiards_buddyApp.swift */ = {isa = PBXFileReference; lastKnownFileType = sourcecode.swift; path = billiards_buddyApp.swift; sourceTree = "<group>"; };
		9FB030C7288C86B200614EE7 /* ContentView.swift */ = {isa = PBXFileReference; lastKnownFileType = sourcecode.swift; path = ContentView.swift; sourceTree = "<group>"; };
		9FB030C9288C86B400614EE7 /* Assets.xcassets */ = {isa = PBXFileReference; lastKnownFileType = folder.assetcatalog; path = Assets.xcassets; sourceTree = "<group>"; };
		9FB030CC288C86B400614EE7 /* Preview Assets.xcassets */ = {isa = PBXFileReference; lastKnownFileType = folder.assetcatalog; path = "Preview Assets.xcassets"; sourceTree = "<group>"; };
		9FB030D2288C86B400614EE7 /* billiards-buddyTests.xctest */ = {isa = PBXFileReference; explicitFileType = wrapper.cfbundle; includeInIndex = 0; path = "billiards-buddyTests.xctest"; sourceTree = BUILT_PRODUCTS_DIR; };
		9FB030D6288C86B400614EE7 /* billiards_buddyTests.swift */ = {isa = PBXFileReference; lastKnownFileType = sourcecode.swift; path = billiards_buddyTests.swift; sourceTree = "<group>"; };
		9FB030DC288C86B400614EE7 /* billiards-buddyUITests.xctest */ = {isa = PBXFileReference; explicitFileType = wrapper.cfbundle; includeInIndex = 0; path = "billiards-buddyUITests.xctest"; sourceTree = BUILT_PRODUCTS_DIR; };
		9FB030E0288C86B400614EE7 /* billiards_buddyUITests.swift */ = {isa = PBXFileReference; lastKnownFileType = sourcecode.swift; path = billiards_buddyUITests.swift; sourceTree = "<group>"; };
		9FB030E2288C86B400614EE7 /* billiards_buddyUITestsLaunchTests.swift */ = {isa = PBXFileReference; lastKnownFileType = sourcecode.swift; path = billiards_buddyUITestsLaunchTests.swift; sourceTree = "<group>"; };
		9FB030EF288DDEF000614EE7 /* BowlliardsFrameView.swift */ = {isa = PBXFileReference; lastKnownFileType = sourcecode.swift; path = BowlliardsFrameView.swift; sourceTree = "<group>"; };
		9FB030F1288E163B00614EE7 /* BowlliardsScoreView.swift */ = {isa = PBXFileReference; lastKnownFileType = sourcecode.swift; path = BowlliardsScoreView.swift; sourceTree = "<group>"; };
		9FF927E628FB422E00CDB63C /* BowlliardsFrame.swift */ = {isa = PBXFileReference; lastKnownFileType = sourcecode.swift; path = BowlliardsFrame.swift; sourceTree = "<group>"; };
		9FF927E828FB46B300CDB63C /* BowlliardsGame.swift */ = {isa = PBXFileReference; lastKnownFileType = sourcecode.swift; path = BowlliardsGame.swift; sourceTree = "<group>"; };
/* End PBXFileReference section */

/* Begin PBXFrameworksBuildPhase section */
		9FB030BF288C86B200614EE7 /* Frameworks */ = {
			isa = PBXFrameworksBuildPhase;
			buildActionMask = 2147483647;
			files = (
			);
			runOnlyForDeploymentPostprocessing = 0;
		};
		9FB030CF288C86B400614EE7 /* Frameworks */ = {
			isa = PBXFrameworksBuildPhase;
			buildActionMask = 2147483647;
			files = (
			);
			runOnlyForDeploymentPostprocessing = 0;
		};
		9FB030D9288C86B400614EE7 /* Frameworks */ = {
			isa = PBXFrameworksBuildPhase;
			buildActionMask = 2147483647;
			files = (
			);
			runOnlyForDeploymentPostprocessing = 0;
		};
/* End PBXFrameworksBuildPhase section */

/* Begin PBXGroup section */
		9FB030B9288C86B200614EE7 = {
			isa = PBXGroup;
			children = (
				9FB030C4288C86B200614EE7 /* billiards-buddy */,
				9FB030D5288C86B400614EE7 /* billiards-buddyTests */,
				9FB030DF288C86B400614EE7 /* billiards-buddyUITests */,
				9FB030C3288C86B200614EE7 /* Products */,
			);
			sourceTree = "<group>";
		};
		9FB030C3288C86B200614EE7 /* Products */ = {
			isa = PBXGroup;
			children = (
				9FB030C2288C86B200614EE7 /* billiards-buddy.app */,
				9FB030D2288C86B400614EE7 /* billiards-buddyTests.xctest */,
				9FB030DC288C86B400614EE7 /* billiards-buddyUITests.xctest */,
			);
			name = Products;
			sourceTree = "<group>";
		};
		9FB030C4288C86B200614EE7 /* billiards-buddy */ = {
			isa = PBXGroup;
			children = (
				9FB030C5288C86B200614EE7 /* billiards_buddyApp.swift */,
				9FB030C7288C86B200614EE7 /* ContentView.swift */,
				9FB030C9288C86B400614EE7 /* Assets.xcassets */,
				9FB030CB288C86B400614EE7 /* Preview Content */,
				9FF927E828FB46B300CDB63C /* BowlliardsGame.swift */,
				9FF927E628FB422E00CDB63C /* BowlliardsFrame.swift */,
				9FB030EF288DDEF000614EE7 /* BowlliardsFrameView.swift */,
				9FB030F1288E163B00614EE7 /* BowlliardsScoreView.swift */,
			);
			path = "billiards-buddy";
			sourceTree = "<group>";
		};
		9FB030CB288C86B400614EE7 /* Preview Content */ = {
			isa = PBXGroup;
			children = (
				9FB030CC288C86B400614EE7 /* Preview Assets.xcassets */,
			);
			path = "Preview Content";
			sourceTree = "<group>";
		};
		9FB030D5288C86B400614EE7 /* billiards-buddyTests */ = {
			isa = PBXGroup;
			children = (
				9FB030D6288C86B400614EE7 /* billiards_buddyTests.swift */,
			);
			path = "billiards-buddyTests";
			sourceTree = "<group>";
		};
		9FB030DF288C86B400614EE7 /* billiards-buddyUITests */ = {
			isa = PBXGroup;
			children = (
				9FB030E0288C86B400614EE7 /* billiards_buddyUITests.swift */,
				9FB030E2288C86B400614EE7 /* billiards_buddyUITestsLaunchTests.swift */,
			);
			path = "billiards-buddyUITests";
			sourceTree = "<group>";
		};
/* End PBXGroup section */

/* Begin PBXNativeTarget section */
		9FB030C1288C86B200614EE7 /* billiards-buddy */ = {
			isa = PBXNativeTarget;
			buildConfigurationList = 9FB030E6288C86B400614EE7 /* Build configuration list for PBXNativeTarget "billiards-buddy" */;
			buildPhases = (
				9FB030BE288C86B200614EE7 /* Sources */,
				9FB030BF288C86B200614EE7 /* Frameworks */,
				9FB030C0288C86B200614EE7 /* Resources */,
			);
			buildRules = (
			);
			dependencies = (
			);
			name = "billiards-buddy";
			productName = "billiards-buddy";
			productReference = 9FB030C2288C86B200614EE7 /* billiards-buddy.app */;
			productType = "com.apple.product-type.application";
		};
		9FB030D1288C86B400614EE7 /* billiards-buddyTests */ = {
			isa = PBXNativeTarget;
			buildConfigurationList = 9FB030E9288C86B400614EE7 /* Build configuration list for PBXNativeTarget "billiards-buddyTests" */;
			buildPhases = (
				9FB030CE288C86B400614EE7 /* Sources */,
				9FB030CF288C86B400614EE7 /* Frameworks */,
				9FB030D0288C86B400614EE7 /* Resources */,
			);
			buildRules = (
			);
			dependencies = (
				9FB030D4288C86B400614EE7 /* PBXTargetDependency */,
			);
			name = "billiards-buddyTests";
			productName = "billiards-buddyTests";
			productReference = 9FB030D2288C86B400614EE7 /* billiards-buddyTests.xctest */;
			productType = "com.apple.product-type.bundle.unit-test";
		};
		9FB030DB288C86B400614EE7 /* billiards-buddyUITests */ = {
			isa = PBXNativeTarget;
			buildConfigurationList = 9FB030EC288C86B400614EE7 /* Build configuration list for PBXNativeTarget "billiards-buddyUITests" */;
			buildPhases = (
				9FB030D8288C86B400614EE7 /* Sources */,
				9FB030D9288C86B400614EE7 /* Frameworks */,
				9FB030DA288C86B400614EE7 /* Resources */,
			);
			buildRules = (
			);
			dependencies = (
				9FB030DE288C86B400614EE7 /* PBXTargetDependency */,
			);
			name = "billiards-buddyUITests";
			productName = "billiards-buddyUITests";
			productReference = 9FB030DC288C86B400614EE7 /* billiards-buddyUITests.xctest */;
			productType = "com.apple.product-type.bundle.ui-testing";
		};
/* End PBXNativeTarget section */

/* Begin PBXProject section */
		9FB030BA288C86B200614EE7 /* Project object */ = {
			isa = PBXProject;
			attributes = {
				BuildIndependentTargetsInParallel = 1;
				LastSwiftUpdateCheck = 1340;
				LastUpgradeCheck = 1340;
				TargetAttributes = {
					9FB030C1288C86B200614EE7 = {
						CreatedOnToolsVersion = 13.4.1;
					};
					9FB030D1288C86B400614EE7 = {
						CreatedOnToolsVersion = 13.4.1;
						TestTargetID = 9FB030C1288C86B200614EE7;
					};
					9FB030DB288C86B400614EE7 = {
						CreatedOnToolsVersion = 13.4.1;
						TestTargetID = 9FB030C1288C86B200614EE7;
					};
				};
			};
			buildConfigurationList = 9FB030BD288C86B200614EE7 /* Build configuration list for PBXProject "billiards-buddy" */;
			compatibilityVersion = "Xcode 13.0";
			developmentRegion = en;
			hasScannedForEncodings = 0;
			knownRegions = (
				en,
				Base,
			);
			mainGroup = 9FB030B9288C86B200614EE7;
			productRefGroup = 9FB030C3288C86B200614EE7 /* Products */;
			projectDirPath = "";
			projectRoot = "";
			targets = (
				9FB030C1288C86B200614EE7 /* billiards-buddy */,
				9FB030D1288C86B400614EE7 /* billiards-buddyTests */,
				9FB030DB288C86B400614EE7 /* billiards-buddyUITests */,
			);
		};
/* End PBXProject section */

/* Begin PBXResourcesBuildPhase section */
		9FB030C0288C86B200614EE7 /* Resources */ = {
			isa = PBXResourcesBuildPhase;
			buildActionMask = 2147483647;
			files = (
				9FB030CD288C86B400614EE7 /* Preview Assets.xcassets in Resources */,
				9FB030CA288C86B400614EE7 /* Assets.xcassets in Resources */,
			);
			runOnlyForDeploymentPostprocessing = 0;
		};
		9FB030D0288C86B400614EE7 /* Resources */ = {
			isa = PBXResourcesBuildPhase;
			buildActionMask = 2147483647;
			files = (
			);
			runOnlyForDeploymentPostprocessing = 0;
		};
		9FB030DA288C86B400614EE7 /* Resources */ = {
			isa = PBXResourcesBuildPhase;
			buildActionMask = 2147483647;
			files = (
			);
			runOnlyForDeploymentPostprocessing = 0;
		};
/* End PBXResourcesBuildPhase section */

/* Begin PBXSourcesBuildPhase section */
		9FB030BE288C86B200614EE7 /* Sources */ = {
			isa = PBXSourcesBuildPhase;
			buildActionMask = 2147483647;
			files = (
				9FF927E728FB422E00CDB63C /* BowlliardsFrame.swift in Sources */,
				9FB030F0288DDEF000614EE7 /* BowlliardsFrameView.swift in Sources */,
				9FF927E928FB46B300CDB63C /* BowlliardsGame.swift in Sources */,
				9FB030C8288C86B200614EE7 /* ContentView.swift in Sources */,
				9FB030F2288E163B00614EE7 /* BowlliardsScoreView.swift in Sources */,
				9FB030C6288C86B200614EE7 /* billiards_buddyApp.swift in Sources */,
			);
			runOnlyForDeploymentPostprocessing = 0;
		};
		9FB030CE288C86B400614EE7 /* Sources */ = {
			isa = PBXSourcesBuildPhase;
			buildActionMask = 2147483647;
			files = (
				9FB030D7288C86B400614EE7 /* billiards_buddyTests.swift in Sources */,
			);
			runOnlyForDeploymentPostprocessing = 0;
		};
		9FB030D8288C86B400614EE7 /* Sources */ = {
			isa = PBXSourcesBuildPhase;
			buildActionMask = 2147483647;
			files = (
				9FB030E3288C86B400614EE7 /* billiards_buddyUITestsLaunchTests.swift in Sources */,
				9FB030E1288C86B400614EE7 /* billiards_buddyUITests.swift in Sources */,
			);
			runOnlyForDeploymentPostprocessing = 0;
		};
/* End PBXSourcesBuildPhase section */

/* Begin PBXTargetDependency section */
		9FB030D4288C86B400614EE7 /* PBXTargetDependency */ = {
			isa = PBXTargetDependency;
			target = 9FB030C1288C86B200614EE7 /* billiards-buddy */;
			targetProxy = 9FB030D3288C86B400614EE7 /* PBXContainerItemProxy */;
		};
		9FB030DE288C86B400614EE7 /* PBXTargetDependency */ = {
			isa = PBXTargetDependency;
			target = 9FB030C1288C86B200614EE7 /* billiards-buddy */;
			targetProxy = 9FB030DD288C86B400614EE7 /* PBXContainerItemProxy */;
		};
/* End PBXTargetDependency section */

/* Begin XCBuildConfiguration section */
		9FB030E4288C86B400614EE7 /* Debug */ = {
			isa = XCBuildConfiguration;
			buildSettings = {
				ALWAYS_SEARCH_USER_PATHS = NO;
				CLANG_ANALYZER_NONNULL = YES;
				CLANG_ANALYZER_NUMBER_OBJECT_CONVERSION = YES_AGGRESSIVE;
				CLANG_CXX_LANGUAGE_STANDARD = "gnu++17";
				CLANG_ENABLE_MODULES = YES;
				CLANG_ENABLE_OBJC_ARC = YES;
				CLANG_ENABLE_OBJC_WEAK = YES;
				CLANG_WARN_BLOCK_CAPTURE_AUTORELEASING = YES;
				CLANG_WARN_BOOL_CONVERSION = YES;
				CLANG_WARN_COMMA = YES;
				CLANG_WARN_CONSTANT_CONVERSION = YES;
				CLANG_WARN_DEPRECATED_OBJC_IMPLEMENTATIONS = YES;
				CLANG_WARN_DIRECT_OBJC_ISA_USAGE = YES_ERROR;
				CLANG_WARN_DOCUMENTATION_COMMENTS = YES;
				CLANG_WARN_EMPTY_BODY = YES;
				CLANG_WARN_ENUM_CONVERSION = YES;
				CLANG_WARN_INFINITE_RECURSION = YES;
				CLANG_WARN_INT_CONVERSION = YES;
				CLANG_WARN_NON_LITERAL_NULL_CONVERSION = YES;
				CLANG_WARN_OBJC_IMPLICIT_RETAIN_SELF = YES;
				CLANG_WARN_OBJC_LITERAL_CONVERSION = YES;
				CLANG_WARN_OBJC_ROOT_CLASS = YES_ERROR;
				CLANG_WARN_QUOTED_INCLUDE_IN_FRAMEWORK_HEADER = YES;
				CLANG_WARN_RANGE_LOOP_ANALYSIS = YES;
				CLANG_WARN_STRICT_PROTOTYPES = YES;
				CLANG_WARN_SUSPICIOUS_MOVE = YES;
				CLANG_WARN_UNGUARDED_AVAILABILITY = YES_AGGRESSIVE;
				CLANG_WARN_UNREACHABLE_CODE = YES;
				CLANG_WARN__DUPLICATE_METHOD_MATCH = YES;
				COPY_PHASE_STRIP = NO;
				DEBUG_INFORMATION_FORMAT = dwarf;
				ENABLE_STRICT_OBJC_MSGSEND = YES;
				ENABLE_TESTABILITY = YES;
				GCC_C_LANGUAGE_STANDARD = gnu11;
				GCC_DYNAMIC_NO_PIC = NO;
				GCC_NO_COMMON_BLOCKS = YES;
				GCC_OPTIMIZATION_LEVEL = 0;
				GCC_PREPROCESSOR_DEFINITIONS = (
					"DEBUG=1",
					"$(inherited)",
				);
				GCC_WARN_64_TO_32_BIT_CONVERSION = YES;
				GCC_WARN_ABOUT_RETURN_TYPE = YES_ERROR;
				GCC_WARN_UNDECLARED_SELECTOR = YES;
				GCC_WARN_UNINITIALIZED_AUTOS = YES_AGGRESSIVE;
				GCC_WARN_UNUSED_FUNCTION = YES;
				GCC_WARN_UNUSED_VARIABLE = YES;
				IPHONEOS_DEPLOYMENT_TARGET = 15.5;
				MTL_ENABLE_DEBUG_INFO = INCLUDE_SOURCE;
				MTL_FAST_MATH = YES;
				ONLY_ACTIVE_ARCH = YES;
				SDKROOT = iphoneos;
				SWIFT_ACTIVE_COMPILATION_CONDITIONS = DEBUG;
				SWIFT_OPTIMIZATION_LEVEL = "-Onone";
			};
			name = Debug;
		};
		9FB030E5288C86B400614EE7 /* Release */ = {
			isa = XCBuildConfiguration;
			buildSettings = {
				ALWAYS_SEARCH_USER_PATHS = NO;
				CLANG_ANALYZER_NONNULL = YES;
				CLANG_ANALYZER_NUMBER_OBJECT_CONVERSION = YES_AGGRESSIVE;
				CLANG_CXX_LANGUAGE_STANDARD = "gnu++17";
				CLANG_ENABLE_MODULES = YES;
				CLANG_ENABLE_OBJC_ARC = YES;
				CLANG_ENABLE_OBJC_WEAK = YES;
				CLANG_WARN_BLOCK_CAPTURE_AUTORELEASING = YES;
				CLANG_WARN_BOOL_CONVERSION = YES;
				CLANG_WARN_COMMA = YES;
				CLANG_WARN_CONSTANT_CONVERSION = YES;
				CLANG_WARN_DEPRECATED_OBJC_IMPLEMENTATIONS = YES;
				CLANG_WARN_DIRECT_OBJC_ISA_USAGE = YES_ERROR;
				CLANG_WARN_DOCUMENTATION_COMMENTS = YES;
				CLANG_WARN_EMPTY_BODY = YES;
				CLANG_WARN_ENUM_CONVERSION = YES;
				CLANG_WARN_INFINITE_RECURSION = YES;
				CLANG_WARN_INT_CONVERSION = YES;
				CLANG_WARN_NON_LITERAL_NULL_CONVERSION = YES;
				CLANG_WARN_OBJC_IMPLICIT_RETAIN_SELF = YES;
				CLANG_WARN_OBJC_LITERAL_CONVERSION = YES;
				CLANG_WARN_OBJC_ROOT_CLASS = YES_ERROR;
				CLANG_WARN_QUOTED_INCLUDE_IN_FRAMEWORK_HEADER = YES;
				CLANG_WARN_RANGE_LOOP_ANALYSIS = YES;
				CLANG_WARN_STRICT_PROTOTYPES = YES;
				CLANG_WARN_SUSPICIOUS_MOVE = YES;
				CLANG_WARN_UNGUARDED_AVAILABILITY = YES_AGGRESSIVE;
				CLANG_WARN_UNREACHABLE_CODE = YES;
				CLANG_WARN__DUPLICATE_METHOD_MATCH = YES;
				COPY_PHASE_STRIP = NO;
				DEBUG_INFORMATION_FORMAT = "dwarf-with-dsym";
				ENABLE_NS_ASSERTIONS = NO;
				ENABLE_STRICT_OBJC_MSGSEND = YES;
				GCC_C_LANGUAGE_STANDARD = gnu11;
				GCC_NO_COMMON_BLOCKS = YES;
				GCC_WARN_64_TO_32_BIT_CONVERSION = YES;
				GCC_WARN_ABOUT_RETURN_TYPE = YES_ERROR;
				GCC_WARN_UNDECLARED_SELECTOR = YES;
				GCC_WARN_UNINITIALIZED_AUTOS = YES_AGGRESSIVE;
				GCC_WARN_UNUSED_FUNCTION = YES;
				GCC_WARN_UNUSED_VARIABLE = YES;
				IPHONEOS_DEPLOYMENT_TARGET = 15.5;
				MTL_ENABLE_DEBUG_INFO = NO;
				MTL_FAST_MATH = YES;
				SDKROOT = iphoneos;
				SWIFT_COMPILATION_MODE = wholemodule;
				SWIFT_OPTIMIZATION_LEVEL = "-O";
				VALIDATE_PRODUCT = YES;
			};
			name = Release;
		};
		9FB030E7288C86B400614EE7 /* Debug */ = {
			isa = XCBuildConfiguration;
			buildSettings = {
				ASSETCATALOG_COMPILER_APPICON_NAME = AppIcon;
				ASSETCATALOG_COMPILER_GLOBAL_ACCENT_COLOR_NAME = AccentColor;
				CODE_SIGN_STYLE = Automatic;
				CURRENT_PROJECT_VERSION = 1;
				DEVELOPMENT_ASSET_PATHS = "\"billiards-buddy/Preview Content\"";
				DEVELOPMENT_TEAM = Q8N67W26XX;
				ENABLE_PREVIEWS = YES;
				GENERATE_INFOPLIST_FILE = YES;
				INFOPLIST_KEY_UIApplicationSceneManifest_Generation = YES;
				INFOPLIST_KEY_UIApplicationSupportsIndirectInputEvents = YES;
				INFOPLIST_KEY_UILaunchScreen_Generation = YES;
				INFOPLIST_KEY_UISupportedInterfaceOrientations_iPad = "UIInterfaceOrientationPortrait UIInterfaceOrientationPortraitUpsideDown UIInterfaceOrientationLandscapeLeft UIInterfaceOrientationLandscapeRight";
				INFOPLIST_KEY_UISupportedInterfaceOrientations_iPhone = "UIInterfaceOrientationPortrait UIInterfaceOrientationLandscapeLeft UIInterfaceOrientationLandscapeRight";
				LD_RUNPATH_SEARCH_PATHS = (
					"$(inherited)",
					"@executable_path/Frameworks",
				);
				MARKETING_VERSION = 1.0;
				PRODUCT_BUNDLE_IDENTIFIER = "zone.gon.billiards-buddy";
				PRODUCT_NAME = "$(TARGET_NAME)";
				SWIFT_EMIT_LOC_STRINGS = YES;
				SWIFT_VERSION = 5.0;
				TARGETED_DEVICE_FAMILY = 1;
			};
			name = Debug;
		};
		9FB030E8288C86B400614EE7 /* Release */ = {
			isa = XCBuildConfiguration;
			buildSettings = {
				ASSETCATALOG_COMPILER_APPICON_NAME = AppIcon;
				ASSETCATALOG_COMPILER_GLOBAL_ACCENT_COLOR_NAME = AccentColor;
				CODE_SIGN_STYLE = Automatic;
				CURRENT_PROJECT_VERSION = 1;
				DEVELOPMENT_ASSET_PATHS = "\"billiards-buddy/Preview Content\"";
				DEVELOPMENT_TEAM = Q8N67W26XX;
				ENABLE_PREVIEWS = YES;
				GENERATE_INFOPLIST_FILE = YES;
				INFOPLIST_KEY_UIApplicationSceneManifest_Generation = YES;
				INFOPLIST_KEY_UIApplicationSupportsIndirectInputEvents = YES;
				INFOPLIST_KEY_UILaunchScreen_Generation = YES;
				INFOPLIST_KEY_UISupportedInterfaceOrientations_iPad = "UIInterfaceOrientationPortrait UIInterfaceOrientationPortraitUpsideDown UIInterfaceOrientationLandscapeLeft UIInterfaceOrientationLandscapeRight";
				INFOPLIST_KEY_UISupportedInterfaceOrientations_iPhone = "UIInterfaceOrientationPortrait UIInterfaceOrientationLandscapeLeft UIInterfaceOrientationLandscapeRight";
				LD_RUNPATH_SEARCH_PATHS = (
					"$(inherited)",
					"@executable_path/Frameworks",
				);
				MARKETING_VERSION = 1.0;
				PRODUCT_BUNDLE_IDENTIFIER = "zone.gon.billiards-buddy";
				PRODUCT_NAME = "$(TARGET_NAME)";
				SWIFT_EMIT_LOC_STRINGS = YES;
				SWIFT_VERSION = 5.0;
				TARGETED_DEVICE_FAMILY = 1;
			};
			name = Release;
		};
		9FB030EA288C86B400614EE7 /* Debug */ = {
			isa = XCBuildConfiguration;
			buildSettings = {
				ALWAYS_EMBED_SWIFT_STANDARD_LIBRARIES = YES;
				BUNDLE_LOADER = "$(TEST_HOST)";
				CODE_SIGN_STYLE = Automatic;
				CURRENT_PROJECT_VERSION = 1;
				DEVELOPMENT_TEAM = Q8N67W26XX;
				GENERATE_INFOPLIST_FILE = YES;
				IPHONEOS_DEPLOYMENT_TARGET = 15.5;
				MARKETING_VERSION = 1.0;
				PRODUCT_BUNDLE_IDENTIFIER = "zone.gon.billiards-buddyTests";
				PRODUCT_NAME = "$(TARGET_NAME)";
				SWIFT_EMIT_LOC_STRINGS = NO;
				SWIFT_VERSION = 5.0;
				TARGETED_DEVICE_FAMILY = "1,2";
				TEST_HOST = "$(BUILT_PRODUCTS_DIR)/billiards-buddy.app/billiards-buddy";
			};
			name = Debug;
		};
		9FB030EB288C86B400614EE7 /* Release */ = {
			isa = XCBuildConfiguration;
			buildSettings = {
				ALWAYS_EMBED_SWIFT_STANDARD_LIBRARIES = YES;
				BUNDLE_LOADER = "$(TEST_HOST)";
				CODE_SIGN_STYLE = Automatic;
				CURRENT_PROJECT_VERSION = 1;
				DEVELOPMENT_TEAM = Q8N67W26XX;
				GENERATE_INFOPLIST_FILE = YES;
				IPHONEOS_DEPLOYMENT_TARGET = 15.5;
				MARKETING_VERSION = 1.0;
				PRODUCT_BUNDLE_IDENTIFIER = "zone.gon.billiards-buddyTests";
				PRODUCT_NAME = "$(TARGET_NAME)";
				SWIFT_EMIT_LOC_STRINGS = NO;
				SWIFT_VERSION = 5.0;
				TARGETED_DEVICE_FAMILY = "1,2";
				TEST_HOST = "$(BUILT_PRODUCTS_DIR)/billiards-buddy.app/billiards-buddy";
			};
			name = Release;
		};
		9FB030ED288C86B400614EE7 /* Debug */ = {
			isa = XCBuildConfiguration;
			buildSettings = {
				ALWAYS_EMBED_SWIFT_STANDARD_LIBRARIES = YES;
				CODE_SIGN_STYLE = Automatic;
				CURRENT_PROJECT_VERSION = 1;
				DEVELOPMENT_TEAM = Q8N67W26XX;
				GENERATE_INFOPLIST_FILE = YES;
				MARKETING_VERSION = 1.0;
				PRODUCT_BUNDLE_IDENTIFIER = "zone.gon.billiards-buddyUITests";
				PRODUCT_NAME = "$(TARGET_NAME)";
				SWIFT_EMIT_LOC_STRINGS = NO;
				SWIFT_VERSION = 5.0;
				TARGETED_DEVICE_FAMILY = "1,2";
				TEST_TARGET_NAME = "billiards-buddy";
			};
			name = Debug;
		};
		9FB030EE288C86B400614EE7 /* Release */ = {
			isa = XCBuildConfiguration;
			buildSettings = {
				ALWAYS_EMBED_SWIFT_STANDARD_LIBRARIES = YES;
				CODE_SIGN_STYLE = Automatic;
				CURRENT_PROJECT_VERSION = 1;
				DEVELOPMENT_TEAM = Q8N67W26XX;
				GENERATE_INFOPLIST_FILE = YES;
				MARKETING_VERSION = 1.0;
				PRODUCT_BUNDLE_IDENTIFIER = "zone.gon.billiards-buddyUITests";
				PRODUCT_NAME = "$(TARGET_NAME)";
				SWIFT_EMIT_LOC_STRINGS = NO;
				SWIFT_VERSION = 5.0;
				TARGETED_DEVICE_FAMILY = "1,2";
				TEST_TARGET_NAME = "billiards-buddy";
			};
			name = Release;
		};
/* End XCBuildConfiguration section */

/* Begin XCConfigurationList section */
		9FB030BD288C86B200614EE7 /* Build configuration list for PBXProject "billiards-buddy" */ = {
			isa = XCConfigurationList;
			buildConfigurations = (
				9FB030E4288C86B400614EE7 /* Debug */,
				9FB030E5288C86B400614EE7 /* Release */,
			);
			defaultConfigurationIsVisible = 0;
			defaultConfigurationName = Release;
		};
		9FB030E6288C86B400614EE7 /* Build configuration list for PBXNativeTarget "billiards-buddy" */ = {
			isa = XCConfigurationList;
			buildConfigurations = (
				9FB030E7288C86B400614EE7 /* Debug */,
				9FB030E8288C86B400614EE7 /* Release */,
			);
			defaultConfigurationIsVisible = 0;
			defaultConfigurationName = Release;
		};
		9FB030E9288C86B400614EE7 /* Build configuration list for PBXNativeTarget "billiards-buddyTests" */ = {
			isa = XCConfigurationList;
			buildConfigurations = (
				9FB030EA288C86B400614EE7 /* Debug */,
				9FB030EB288C86B400614EE7 /* Release */,
			);
			defaultConfigurationIsVisible = 0;
			defaultConfigurationName = Release;
		};
		9FB030EC288C86B400614EE7 /* Build configuration list for PBXNativeTarget "billiards-buddyUITests" */ = {
			isa = XCConfigurationList;
			buildConfigurations = (
				9FB030ED288C86B400614EE7 /* Debug */,
				9FB030EE288C86B400614EE7 /* Release */,
			);
			defaultConfigurationIsVisible = 0;
			defaultConfigurationName = Release;
		};
/* End XCConfigurationList section */
	};
	rootObject = 9FB030BA288C86B200614EE7 /* Project object */;
}
